
Microsoft Visual Studio Solution File, Format Version 12.00
# Visual Studio 15
VisualStudioVersion = 15.0.28010.2046
MinimumVisualStudioVersion = 10.0.40219.1
Project("{FAE04EC0-301F-11D3-BF4B-00C04F79EFBC}") = "Diary", "Diary\Diary.csproj", "{E98E7721-AB11-4FC4-86C9-7A15C769F7DE}"
EndProject
Project("{FAE04EC0-301F-11D3-BF4B-00C04F79EFBC}") = "Domain.Models", "Domain.Models\Domain.Models.csproj", "{E9592409-E067-4652-9318-A8D718C6282D}"
EndProject
Project("{FAE04EC0-301F-11D3-BF4B-00C04F79EFBC}") = "Domain.Services", "Domain.Services\Domain.Services.csproj", "{F4D37737-67F5-4B8C-8CD2-F68B22328115}"
EndProject
Project("{FAE04EC0-301F-11D3-BF4B-00C04F79EFBC}") = "Repository", "Repository\Repository.csproj", "{5E108E48-6385-4178-BA80-72FADAB6A1B3}"
EndProject
Project("{FAE04EC0-301F-11D3-BF4B-00C04F79EFBC}") = "SmsNotificator", "SmsNotificator\SmsNotificator.csproj", "{27F5B878-3CB9-424E-AEA4-EF6F315AE4E0}"
EndProject
Global
	GlobalSection(SolutionConfigurationPlatforms) = preSolution
		Debug|Any CPU = Debug|Any CPU
		Release|Any CPU = Release|Any CPU
	EndGlobalSection
	GlobalSection(ProjectConfigurationPlatforms) = postSolution
		{E98E7721-AB11-4FC4-86C9-7A15C769F7DE}.Debug|Any CPU.ActiveCfg = Debug|Any CPU
		{E98E7721-AB11-4FC4-86C9-7A15C769F7DE}.Debug|Any CPU.Build.0 = Debug|Any CPU
		{E98E7721-AB11-4FC4-86C9-7A15C769F7DE}.Release|Any CPU.ActiveCfg = Release|Any CPU
		{E98E7721-AB11-4FC4-86C9-7A15C769F7DE}.Release|Any CPU.Build.0 = Release|Any CPU
		{E9592409-E067-4652-9318-A8D718C6282D}.Debug|Any CPU.ActiveCfg = Debug|Any CPU
		{E9592409-E067-4652-9318-A8D718C6282D}.Debug|Any CPU.Build.0 = Debug|Any CPU
		{E9592409-E067-4652-9318-A8D718C6282D}.Release|Any CPU.ActiveCfg = Release|Any CPU
		{E9592409-E067-4652-9318-A8D718C6282D}.Release|Any CPU.Build.0 = Release|Any CPU
		{F4D37737-67F5-4B8C-8CD2-F68B22328115}.Debug|Any CPU.ActiveCfg = Debug|Any CPU
		{F4D37737-67F5-4B8C-8CD2-F68B22328115}.Debug|Any CPU.Build.0 = Debug|Any CPU
		{F4D37737-67F5-4B8C-8CD2-F68B22328115}.Release|Any CPU.ActiveCfg = Release|Any CPU
		{F4D37737-67F5-4B8C-8CD2-F68B22328115}.Release|Any CPU.Build.0 = Release|Any CPU
		{5E108E48-6385-4178-BA80-72FADAB6A1B3}.Debug|Any CPU.ActiveCfg = Debug|Any CPU
		{5E108E48-6385-4178-BA80-72FADAB6A1B3}.Debug|Any CPU.Build.0 = Debug|Any CPU
		{5E108E48-6385-4178-BA80-72FADAB6A1B3}.Release|Any CPU.ActiveCfg = Release|Any CPU
		{5E108E48-6385-4178-BA80-72FADAB6A1B3}.Release|Any CPU.Build.0 = Release|Any CPU
		{27F5B878-3CB9-424E-AEA4-EF6F315AE4E0}.Debug|Any CPU.ActiveCfg = Debug|Any CPU
		{27F5B878-3CB9-424E-AEA4-EF6F315AE4E0}.Debug|Any CPU.Build.0 = Debug|Any CPU
		{27F5B878-3CB9-424E-AEA4-EF6F315AE4E0}.Release|Any CPU.ActiveCfg = Release|Any CPU
		{27F5B878-3CB9-424E-AEA4-EF6F315AE4E0}.Release|Any CPU.Build.0 = Release|Any CPU
	EndGlobalSection
	GlobalSection(SolutionProperties) = preSolution
		HideSolutionNode = FALSE
	EndGlobalSection
	GlobalSection(ExtensibilityGlobals) = postSolution
		SolutionGuid = {719890AA-6476-496A-988A-AA6D3C4721C8}
	EndGlobalSection
EndGlobal
